
Microsoft Visual Studio Solution File, Format Version 12.00
# Visual Studio 15
VisualStudioVersion = 15.0.28010.2041
MinimumVisualStudioVersion = 10.0.40219.1
Project("{FAE04EC0-301F-11D3-BF4B-00C04F79EFBC}") = "Bonus-16", "Bonus-16\Bonus-16.csproj", "{4D0057A7-4928-48A9-920C-3DDD80670630}"
EndProject
Global
	GlobalSection(SolutionConfigurationPlatforms) = preSolution
		Debug|Any CPU = Debug|Any CPU
		Release|Any CPU = Release|Any CPU
	EndGlobalSection
	GlobalSection(ProjectConfigurationPlatforms) = postSolution
		{4D0057A7-4928-48A9-920C-3DDD80670630}.Debug|Any CPU.ActiveCfg = Debug|Any CPU
		{4D0057A7-4928-48A9-920C-3DDD80670630}.Debug|Any CPU.Build.0 = Debug|Any CPU
		{4D0057A7-4928-48A9-920C-3DDD80670630}.Release|Any CPU.ActiveCfg = Release|Any CPU
		{4D0057A7-4928-48A9-920C-3DDD80670630}.Release|Any CPU.Build.0 = Release|Any CPU
	EndGlobalSection
	GlobalSection(SolutionProperties) = preSolution
		HideSolutionNode = FALSE
	EndGlobalSection
	GlobalSection(ExtensibilityGlobals) = postSolution
		SolutionGuid = {B3E1566D-1397-48BF-BED0-1FCCE493D192}
	EndGlobalSection
EndGlobal
